
Microsoft Visual Studio Solution File, Format Version 12.00
# Visual Studio 15
VisualStudioVersion = 15.0.28307.271
MinimumVisualStudioVersion = 10.0.40219.1
Project("{FAE04EC0-301F-11D3-BF4B-00C04F79EFBC}") = "WepApi", "WepApi\WepApi.csproj", "{5C5C88FA-BE48-4ACE-B689-61AF65F885F2}"
EndProject
Global
	GlobalSection(SolutionConfigurationPlatforms) = preSolution
		Debug|Any CPU = Debug|Any CPU
		Release|Any CPU = Release|Any CPU
	EndGlobalSection
	GlobalSection(ProjectConfigurationPlatforms) = postSolution
		{5C5C88FA-BE48-4ACE-B689-61AF65F885F2}.Debug|Any CPU.ActiveCfg = Debug|Any CPU
		{5C5C88FA-BE48-4ACE-B689-61AF65F885F2}.Debug|Any CPU.Build.0 = Debug|Any CPU
		{5C5C88FA-BE48-4ACE-B689-61AF65F885F2}.Release|Any CPU.ActiveCfg = Release|Any CPU
		{5C5C88FA-BE48-4ACE-B689-61AF65F885F2}.Release|Any CPU.Build.0 = Release|Any CPU
	EndGlobalSection
	GlobalSection(SolutionProperties) = preSolution
		HideSolutionNode = FALSE
	EndGlobalSection
	GlobalSection(ExtensibilityGlobals) = postSolution
		SolutionGuid = {26A7212C-68AC-4241-823D-2FAB0E259BA6}
	EndGlobalSection
EndGlobal
